
Microsoft Visual Studio Solution File, Format Version 12.00
# Visual Studio 15
VisualStudioVersion = 15.0.28010.2036
MinimumVisualStudioVersion = 10.0.40219.1
Project("{F184B08F-C81C-45F6-A57F-5ABD9991F28F}") = "RPG Dice App", "RPG Dice App\RPG Dice App.vbproj", "{E0653E85-5318-40C8-8E2D-B83E6BFB73E9}"
EndProject
Global
	GlobalSection(SolutionConfigurationPlatforms) = preSolution
		Debug|Any CPU = Debug|Any CPU
		Release|Any CPU = Release|Any CPU
	EndGlobalSection
	GlobalSection(ProjectConfigurationPlatforms) = postSolution
		{E0653E85-5318-40C8-8E2D-B83E6BFB73E9}.Debug|Any CPU.ActiveCfg = Debug|Any CPU
		{E0653E85-5318-40C8-8E2D-B83E6BFB73E9}.Debug|Any CPU.Build.0 = Debug|Any CPU
		{E0653E85-5318-40C8-8E2D-B83E6BFB73E9}.Release|Any CPU.ActiveCfg = Release|Any CPU
		{E0653E85-5318-40C8-8E2D-B83E6BFB73E9}.Release|Any CPU.Build.0 = Release|Any CPU
	EndGlobalSection
	GlobalSection(SolutionProperties) = preSolution
		HideSolutionNode = FALSE
	EndGlobalSection
	GlobalSection(ExtensibilityGlobals) = postSolution
		SolutionGuid = {E34AABD9-71AF-44A3-A88E-FEB06158010D}
	EndGlobalSection
EndGlobal
